<Solution>
  <Project Path="../external/XamlToCSharpGenerator/src/XamlToCSharpGenerator.Compiler/XamlToCSharpGenerator.Compiler.csproj" />
  <Project Path="../external/XamlToCSharpGenerator/src/XamlToCSharpGenerator.Core/XamlToCSharpGenerator.Core.csproj" />
  <Project Path="../external/XamlToCSharpGenerator/src/XamlToCSharpGenerator.ExpressionSemantics/XamlToCSharpGenerator.ExpressionSemantics.csproj" />
  <Project Path="../external/XamlToCSharpGenerator/src/XamlToCSharpGenerator.Framework.Abstractions/XamlToCSharpGenerator.Framework.Abstractions.csproj" />
  <Project Path="../external/XamlToCSharpGenerator/src/XamlToCSharpGenerator.MiniLanguageParsing/XamlToCSharpGenerator.MiniLanguageParsing.csproj" />
  <Project Path="XamlToCSharpGenerator.Generator.WPF/XamlToCSharpGenerator.Generator.WPF.csproj" />
  <Project Path="XamlToCSharpGenerator.Build.WPF/XamlToCSharpGenerator.Build.WPF.csproj" />
  <Project Path="XamlToCSharpGenerator.WPF/XamlToCSharpGenerator.WPF.csproj" />
  <Project Path="../tests/Wxsg.Tests/Wxsg.Tests.csproj" />
</Solution>
